
Microsoft Visual Studio Solution File, Format Version 12.00
# Visual Studio 15
VisualStudioVersion = 15.0.28307.1145
MinimumVisualStudioVersion = 10.0.40219.1
Project("{FAE04EC0-301F-11D3-BF4B-00C04F79EFBC}") = "Parking", "Parking\Parking.csproj", "{47CA0C19-EC96-46CE-89C3-65126930B015}"
EndProject
Global
	GlobalSection(SolutionConfigurationPlatforms) = preSolution
		Debug|Any CPU = Debug|Any CPU
		Release|Any CPU = Release|Any CPU
	EndGlobalSection
	GlobalSection(ProjectConfigurationPlatforms) = postSolution
		{47CA0C19-EC96-46CE-89C3-65126930B015}.Debug|Any CPU.ActiveCfg = Debug|Any CPU
		{47CA0C19-EC96-46CE-89C3-65126930B015}.Debug|Any CPU.Build.0 = Debug|Any CPU
		{47CA0C19-EC96-46CE-89C3-65126930B015}.Release|Any CPU.ActiveCfg = Release|Any CPU
		{47CA0C19-EC96-46CE-89C3-65126930B015}.Release|Any CPU.Build.0 = Release|Any CPU
	EndGlobalSection
	GlobalSection(SolutionProperties) = preSolution
		HideSolutionNode = FALSE
	EndGlobalSection
	GlobalSection(ExtensibilityGlobals) = postSolution
		SolutionGuid = {943A0E0F-E5DA-4D6F-8835-4834135FA075}
	EndGlobalSection
EndGlobal
