
Microsoft Visual Studio Solution File, Format Version 12.00
# Visual Studio 15
VisualStudioVersion = 15.0.28307.1145
MinimumVisualStudioVersion = 10.0.40219.1
Project("{FAE04EC0-301F-11D3-BF4B-00C04F79EFBC}") = "school-project", "school-project\school-project.csproj", "{A99437B3-3855-4FE2-87E5-11D9F9A82164}"
EndProject
Global
	GlobalSection(SolutionConfigurationPlatforms) = preSolution
		Debug|Any CPU = Debug|Any CPU
		Release|Any CPU = Release|Any CPU
	EndGlobalSection
	GlobalSection(ProjectConfigurationPlatforms) = postSolution
		{A99437B3-3855-4FE2-87E5-11D9F9A82164}.Debug|Any CPU.ActiveCfg = Debug|Any CPU
		{A99437B3-3855-4FE2-87E5-11D9F9A82164}.Debug|Any CPU.Build.0 = Debug|Any CPU
		{A99437B3-3855-4FE2-87E5-11D9F9A82164}.Release|Any CPU.ActiveCfg = Release|Any CPU
		{A99437B3-3855-4FE2-87E5-11D9F9A82164}.Release|Any CPU.Build.0 = Release|Any CPU
	EndGlobalSection
	GlobalSection(SolutionProperties) = preSolution
		HideSolutionNode = FALSE
	EndGlobalSection
	GlobalSection(ExtensibilityGlobals) = postSolution
		SolutionGuid = {A28A37C8-6289-428B-8D63-96809B76A95A}
	EndGlobalSection
EndGlobal
